# This file was autogenerated by Stack.
# You should not edit this file by hand.
# For more information, please see the documentation at:
#   https://docs.haskellstack.org/en/stable/lock_files

packages:
- completed:
    hackage: syz-0.2.0.0@sha256:7307acb8f6ae7720e7e235c974281ecee912703c1394ebcac19caf83d70bb492,2345
    pantry-tree:
      size: 256
      sha256: a5438cf5c8f701d8e2aa6543ca3d591224b83dcc379063da5ed68727da0bb1ad
  original:
    hackage: syz-0.2.0.0@sha256:7307acb8f6ae7720e7e235c974281ecee912703c1394ebcac19caf83d70bb492,2345
snapshots:
- completed:
    size: 563100
    url: https://raw.githubusercontent.com/commercialhaskell/stackage-snapshots/master/lts/17/0.yaml
    sha256: e93a85871577ea3423d5f3454b2b6bd37c2c2123c79faf511dfb64f5b49a9f8b
  original: lts-17.0
